
Microsoft Visual Studio Solution File, Format Version 12.00
# Visual Studio Version 17
VisualStudioVersion = 17.3.32922.545
MinimumVisualStudioVersion = 10.0.40219.1
Project("{9A19103F-16F7-4668-BE54-9A1E7A4F7556}") = "Среднее арифметическое двух чисел", "Среднее арифметическое двух чисел\Среднее арифметическое двух чисел.csproj", "{8D69AB7D-6283-4EFE-9CA8-076CD3AB2803}"
EndProject
Global
	GlobalSection(SolutionConfigurationPlatforms) = preSolution
		Debug|Any CPU = Debug|Any CPU
		Release|Any CPU = Release|Any CPU
	EndGlobalSection
	GlobalSection(ProjectConfigurationPlatforms) = postSolution
		{8D69AB7D-6283-4EFE-9CA8-076CD3AB2803}.Debug|Any CPU.ActiveCfg = Debug|Any CPU
		{8D69AB7D-6283-4EFE-9CA8-076CD3AB2803}.Debug|Any CPU.Build.0 = Debug|Any CPU
		{8D69AB7D-6283-4EFE-9CA8-076CD3AB2803}.Release|Any CPU.ActiveCfg = Release|Any CPU
		{8D69AB7D-6283-4EFE-9CA8-076CD3AB2803}.Release|Any CPU.Build.0 = Release|Any CPU
	EndGlobalSection
	GlobalSection(SolutionProperties) = preSolution
		HideSolutionNode = FALSE
	EndGlobalSection
	GlobalSection(ExtensibilityGlobals) = postSolution
		SolutionGuid = {434A92F8-43B6-468E-A179-AB4CB75D2EDB}
	EndGlobalSection
EndGlobal
